
Microsoft Visual Studio Solution File, Format Version 12.00
# Visual Studio Version 17
VisualStudioVersion = 17.7.34031.279
MinimumVisualStudioVersion = 10.0.40219.1
Project("{FAE04EC0-301F-11D3-BF4B-00C04F79EFBC}") = "UrbanTool", "UrbanTool\UrbanTool.csproj", "{ACBEC965-7725-488B-A241-20A480FAD3CB}"
EndProject
Project("{FAE04EC0-301F-11D3-BF4B-00C04F79EFBC}") = "UrbanToolR25", "UrbanToolR25\UrbanToolR25.csproj", "{5D5DDC7D-41F4-469D-9A7F-BE891FE37A07}"
EndProject
Project("{8BC9CEB8-8B4A-11D0-8D11-00A0C91BC942}") = "ToolPaletteGrouping", "ToolPaletteGrouping\ToolPaletteGrouping.vcxproj", "{5411BC69-0682-4711-A04B-5411C1E7C23F}"
EndProject
Global
	GlobalSection(SolutionConfigurationPlatforms) = preSolution
		Debug|Any CPU = Debug|Any CPU
		Debug|x64 = Debug|x64
		Debug|x86 = Debug|x86
		Release|Any CPU = Release|Any CPU
		Release|x64 = Release|x64
		Release|x86 = Release|x86
	EndGlobalSection
	GlobalSection(ProjectConfigurationPlatforms) = postSolution
		{ACBEC965-7725-488B-A241-20A480FAD3CB}.Debug|Any CPU.ActiveCfg = Debug|Any CPU
		{ACBEC965-7725-488B-A241-20A480FAD3CB}.Debug|Any CPU.Build.0 = Debug|Any CPU
		{ACBEC965-7725-488B-A241-20A480FAD3CB}.Debug|x64.ActiveCfg = Debug|Any CPU
		{ACBEC965-7725-488B-A241-20A480FAD3CB}.Debug|x64.Build.0 = Debug|Any CPU
		{ACBEC965-7725-488B-A241-20A480FAD3CB}.Debug|x86.ActiveCfg = Debug|Any CPU
		{ACBEC965-7725-488B-A241-20A480FAD3CB}.Debug|x86.Build.0 = Debug|Any CPU
		{ACBEC965-7725-488B-A241-20A480FAD3CB}.Release|Any CPU.ActiveCfg = Release|Any CPU
		{ACBEC965-7725-488B-A241-20A480FAD3CB}.Release|Any CPU.Build.0 = Release|Any CPU
		{ACBEC965-7725-488B-A241-20A480FAD3CB}.Release|x64.ActiveCfg = Release|Any CPU
		{ACBEC965-7725-488B-A241-20A480FAD3CB}.Release|x64.Build.0 = Release|Any CPU
		{ACBEC965-7725-488B-A241-20A480FAD3CB}.Release|x86.ActiveCfg = Release|Any CPU
		{ACBEC965-7725-488B-A241-20A480FAD3CB}.Release|x86.Build.0 = Release|Any CPU
		{5D5DDC7D-41F4-469D-9A7F-BE891FE37A07}.Debug|Any CPU.ActiveCfg = Debug|Any CPU
		{5D5DDC7D-41F4-469D-9A7F-BE891FE37A07}.Debug|Any CPU.Build.0 = Debug|Any CPU
		{5D5DDC7D-41F4-469D-9A7F-BE891FE37A07}.Debug|x64.ActiveCfg = Debug|Any CPU
		{5D5DDC7D-41F4-469D-9A7F-BE891FE37A07}.Debug|x64.Build.0 = Debug|Any CPU
		{5D5DDC7D-41F4-469D-9A7F-BE891FE37A07}.Debug|x86.ActiveCfg = Debug|Any CPU
		{5D5DDC7D-41F4-469D-9A7F-BE891FE37A07}.Debug|x86.Build.0 = Debug|Any CPU
		{5D5DDC7D-41F4-469D-9A7F-BE891FE37A07}.Release|Any CPU.ActiveCfg = Release|Any CPU
		{5D5DDC7D-41F4-469D-9A7F-BE891FE37A07}.Release|Any CPU.Build.0 = Release|Any CPU
		{5D5DDC7D-41F4-469D-9A7F-BE891FE37A07}.Release|x64.ActiveCfg = Release|Any CPU
		{5D5DDC7D-41F4-469D-9A7F-BE891FE37A07}.Release|x64.Build.0 = Release|Any CPU
		{5D5DDC7D-41F4-469D-9A7F-BE891FE37A07}.Release|x86.ActiveCfg = Release|Any CPU
		{5D5DDC7D-41F4-469D-9A7F-BE891FE37A07}.Release|x86.Build.0 = Release|Any CPU
		{5411BC69-0682-4711-A04B-5411C1E7C23F}.Debug|Any CPU.ActiveCfg = Debug|x64
		{5411BC69-0682-4711-A04B-5411C1E7C23F}.Debug|Any CPU.Build.0 = Debug|x64
		{5411BC69-0682-4711-A04B-5411C1E7C23F}.Debug|x64.ActiveCfg = Debug|x64
		{5411BC69-0682-4711-A04B-5411C1E7C23F}.Debug|x64.Build.0 = Debug|x64
		{5411BC69-0682-4711-A04B-5411C1E7C23F}.Debug|x86.ActiveCfg = Debug|Win32
		{5411BC69-0682-4711-A04B-5411C1E7C23F}.Debug|x86.Build.0 = Debug|Win32
		{5411BC69-0682-4711-A04B-5411C1E7C23F}.Release|Any CPU.ActiveCfg = Release|x64
		{5411BC69-0682-4711-A04B-5411C1E7C23F}.Release|Any CPU.Build.0 = Release|x64
		{5411BC69-0682-4711-A04B-5411C1E7C23F}.Release|x64.ActiveCfg = Release|x64
		{5411BC69-0682-4711-A04B-5411C1E7C23F}.Release|x64.Build.0 = Release|x64
		{5411BC69-0682-4711-A04B-5411C1E7C23F}.Release|x86.ActiveCfg = Release|Win32
		{5411BC69-0682-4711-A04B-5411C1E7C23F}.Release|x86.Build.0 = Release|Win32
	EndGlobalSection
	GlobalSection(SolutionProperties) = preSolution
		HideSolutionNode = FALSE
	EndGlobalSection
	GlobalSection(ExtensibilityGlobals) = postSolution
		SolutionGuid = {3B808FF1-04DF-4374-B2F0-F5024BC07A38}
	EndGlobalSection
EndGlobal
